lockfileVersion: 5.4

specifiers:
  '@tsconfig/node18': ^1.0.1
  '@types/node': ^17.0.5
  chalk: ^5.0.0
  commander: ^8.3.0
  typescript: ^4.7.4
  wait-for-stuff: ^1.4.0

dependencies:
  chalk: 5.0.1
  commander: 8.3.0
  wait-for-stuff: 1.4.0

devDependencies:
  '@tsconfig/node18': 1.0.1
  '@types/node': 17.0.45
  typescript: 4.8.3

packages:

  /@tsconfig/node18/1.0.1:
    resolution: {integrity: sha512-sNFeK6X2ATlhlvzyH4kKYQlfHXE2f2/wxtB9ClvYXevWpmwkUT7VaSrjIN9E76Qebz8qP5JOJJ9jD3QoD/Z9TA==}
    dev: true

  /@types/node/17.0.45:
    resolution: {integrity: sha512-w+tIMs3rq2afQdsPJlODhoUEKzFP1ayaoyl1CcnwtIlsVe7K7bA1NGm4s3PraqTLlXnbIN84zuBlxBWo1u9BLw==}
    dev: true

  /bindings/1.5.0:
    resolution: {integrity: sha512-p2q/t/mhvuOj/UeLlV6566GD/guowlr0hHxClI0W9m7MWYkL1F0hLo+0Aexs9HSPCtR1SXQ0TD3MMKrXZajbiQ==}
    dependencies:
      file-uri-to-path: 1.0.0
    dev: false

  /chalk/5.0.1:
    resolution: {integrity: sha512-Fo07WOYGqMfCWHOzSXOt2CxDbC6skS/jO9ynEcmpANMoPrD+W1r1K6Vx7iNm+AQmETU1Xr2t+n8nzkV9t6xh3w==}
    engines: {node: ^12.17.0 || ^14.13 || >=16.0.0}
    dev: false

  /commander/8.3.0:
    resolution: {integrity: sha512-OkTL9umf+He2DZkUq8f8J9of7yL6RJKI24dVITBmNfZBmri9zYZQrKkuXiKhyfPSu8tUhnVBB1iKXevvnlR4Ww==}
    engines: {node: '>= 12'}
    dev: false

  /deasync/0.1.28:
    resolution: {integrity: sha512-QqLF6inIDwiATrfROIyQtwOQxjZuek13WRYZ7donU5wJPLoP67MnYxA6QtqdvdBy2mMqv5m3UefBVdJjvevOYg==}
    engines: {node: '>=0.11.0'}
    requiresBuild: true
    dependencies:
      bindings: 1.5.0
      node-addon-api: 1.7.2
    dev: false

  /file-uri-to-path/1.0.0:
    resolution: {integrity: sha512-0Zt+s3L7Vf1biwWZ29aARiVYLx7iMGnEUl9x33fbB/j3jR81u/O2LbqK+Bm1CDSNDKVtJ/YjwY7TUd5SkeLQLw==}
    dev: false

  /node-addon-api/1.7.2:
    resolution: {integrity: sha512-ibPK3iA+vaY1eEjESkQkM0BbCqFOaZMiXRTtdB0u7b4djtY6JnsjvPdUHVMg6xQt3B8fpTTWHI9A+ADjM9frzg==}
    dev: false

  /typescript/4.8.3:
    resolution: {integrity: sha512-goMHfm00nWPa8UvR/CPSvykqf6dVV8x/dp0c5mFTMTIu0u0FlGWRioyy7Nn0PGAdHxpJZnuO/ut+PpQ8UiHAig==}
    engines: {node: '>=4.2.0'}
    hasBin: true
    dev: true

  /wait-for-stuff/1.4.0:
    resolution: {integrity: sha512-PMD4il0BK3MWBp1eQTXvIAL4hyyTgKH+vnpTigElv8K2VID8rajbKjeq9Q9UnpDfccMDckYtzUvhsZ4JVIF8rA==}
    dependencies:
      deasync: 0.1.28
    dev: false
