lockfileVersion: 5.3

specifiers:
  '@tsconfig/node16': ^1.0.2
  '@types/node': ^17.0.5
  chalk: ^5.0.0
  commander: ^8.3.0
  typescript: ^4.5.4
  wait-for-stuff: ^1.4.0

dependencies:
  '@tsconfig/node16': 1.0.2
  chalk: 5.0.0
  commander: 8.3.0
  typescript: 4.5.4
  wait-for-stuff: 1.4.0

devDependencies:
  '@types/node': 17.0.5

packages:

  /@tsconfig/node16/1.0.2:
    resolution: {integrity: sha512-eZxlbI8GZscaGS7kkc/trHTT5xgrjH3/1n2JDwusC9iahPKWMRvRjJSAN5mCXviuTGQ/lHnhvv8Q1YTpnfz9gA==}
    dev: false

  /@types/node/17.0.5:
    resolution: {integrity: sha512-w3mrvNXLeDYV1GKTZorGJQivK6XLCoGwpnyJFbJVK/aTBQUxOCaa/GlFAAN3OTDFcb7h5tiFG+YXCO2By+riZw==}
    dev: true

  /bindings/1.5.0:
    resolution: {integrity: sha512-p2q/t/mhvuOj/UeLlV6566GD/guowlr0hHxClI0W9m7MWYkL1F0hLo+0Aexs9HSPCtR1SXQ0TD3MMKrXZajbiQ==}
    dependencies:
      file-uri-to-path: 1.0.0
    dev: false

  /chalk/5.0.0:
    resolution: {integrity: sha512-/duVOqst+luxCQRKEo4bNxinsOQtMP80ZYm7mMqzuh5PociNL0PvmHFvREJ9ueYL2TxlHjBcmLCdmocx9Vg+IQ==}
    engines: {node: ^12.17.0 || ^14.13 || >=16.0.0}
    dev: false

  /commander/8.3.0:
    resolution: {integrity: sha512-OkTL9umf+He2DZkUq8f8J9of7yL6RJKI24dVITBmNfZBmri9zYZQrKkuXiKhyfPSu8tUhnVBB1iKXevvnlR4Ww==}
    engines: {node: '>= 12'}
    dev: false

  /deasync/0.1.24:
    resolution: {integrity: sha512-i98vg42xNfRZCymummMAN0rIcQ1gZFinSe3btvPIvy6JFTaeHcumeKybRo2HTv86nasfmT0nEgAn2ggLZhOCVA==}
    engines: {node: '>=0.11.0'}
    requiresBuild: true
    dependencies:
      bindings: 1.5.0
      node-addon-api: 1.7.2
    dev: false

  /file-uri-to-path/1.0.0:
    resolution: {integrity: sha512-0Zt+s3L7Vf1biwWZ29aARiVYLx7iMGnEUl9x33fbB/j3jR81u/O2LbqK+Bm1CDSNDKVtJ/YjwY7TUd5SkeLQLw==}
    dev: false

  /node-addon-api/1.7.2:
    resolution: {integrity: sha512-ibPK3iA+vaY1eEjESkQkM0BbCqFOaZMiXRTtdB0u7b4djtY6JnsjvPdUHVMg6xQt3B8fpTTWHI9A+ADjM9frzg==}
    dev: false

  /typescript/4.5.4:
    resolution: {integrity: sha512-VgYs2A2QIRuGphtzFV7aQJduJ2gyfTljngLzjpfW9FoYZF6xuw1W0vW9ghCKLfcWrCFxK81CSGRAvS1pn4fIUg==}
    engines: {node: '>=4.2.0'}
    hasBin: true
    dev: false

  /wait-for-stuff/1.4.0:
    resolution: {integrity: sha512-PMD4il0BK3MWBp1eQTXvIAL4hyyTgKH+vnpTigElv8K2VID8rajbKjeq9Q9UnpDfccMDckYtzUvhsZ4JVIF8rA==}
    dependencies:
      deasync: 0.1.24
    dev: false
